
Microsoft Visual Studio Solution File, Format Version 12.00
# Visual Studio Version 17
VisualStudioVersion = 17.9.34723.18
MinimumVisualStudioVersion = 10.0.40219.1
Project("{FAE04EC0-301F-11D3-BF4B-00C04F79EFBC}") = "ConsoleApp", "ConsoleApp.csproj", "{CDAF0F1F-2415-4129-B63A-92E23F98E5B7}"
EndProject
Global
	GlobalSection(SolutionConfigurationPlatforms) = preSolution
		Debug|Any CPU = Debug|Any CPU
		Release|Any CPU = Release|Any CPU
	EndGlobalSection
	GlobalSection(ProjectConfigurationPlatforms) = postSolution
		{CDAF0F1F-2415-4129-B63A-92E23F98E5B7}.Debug|Any CPU.ActiveCfg = Debug|Any CPU
		{CDAF0F1F-2415-4129-B63A-92E23F98E5B7}.Debug|Any CPU.Build.0 = Debug|Any CPU
		{CDAF0F1F-2415-4129-B63A-92E23F98E5B7}.Release|Any CPU.ActiveCfg = Release|Any CPU
		{CDAF0F1F-2415-4129-B63A-92E23F98E5B7}.Release|Any CPU.Build.0 = Release|Any CPU
	EndGlobalSection
	GlobalSection(SolutionProperties) = preSolution
		HideSolutionNode = FALSE
	EndGlobalSection
	GlobalSection(ExtensibilityGlobals) = postSolution
		SolutionGuid = {1A9DDA48-AA24-4D28-B0C6-8B423D6A3ED9}
	EndGlobalSection
EndGlobal
